{"name":"homeassistant-brausteuerung","version":"0.1.0","lockfileVersion":3,"requires":true,"packages":{"":{"name":"homeassistant-brausteuerung","version":"0.1.0","private":true,"type":"module","devDependencies":{"fast-check":"4.8.0","vitest":"^2.0.0"}},"node_modules/@bcoe/v8-coverage":{"version":"0.2.3","resolved":"https://registry.npmjs.org/@bcoe/v8-coverage/-/v8-coverage-0.2.3.tgz","integrity":"sha512-0hYQ8SB4Db7zlznfIHWm6dY6yhGWALqUwDSXeFnItUXBlredj+gVA8LR6p7EV5sFccVugOkf7I7gyPLDScd+Nw=="},"node_modules/@fast-check/compat":{"version":"0.1.2","resolved":"https://registry.npmjs.org/@fast-check/compat/-/compat-0.1.2.tgz","integrity":"sha512-NX40SnBLQc5mZx8O9U5K/w48IFqkYA4GV6V8y/VzJD52q5RsW3cOPxpNBnWaBpw1sEnjMvvdQ5wd8tgaLpQM9g==","dev":true},"node_modules/@vitest/expect":{"version":"2.0.5","resolved":"https://registry.npmjs.org/@vitest/expect/-/expect-2.0.5.tgz","integrity":"sha512-yBxw4nPRFJmP0oI4O3pE6+L2ux5u3mQMuJR2qkpwNiqHHvMfS6tLczgJ3WXJdXkC8G0a3pRxLYSJKCXM+J/GYQ==","dev":true,"dependencies":{"@vitest/spy":"2.0.5","@vitest/utils":"2.0.5","chai":"^4.3.10"}},"node_modules/@vitest/runner":{"version":"2.0.5","resolved":"https://registry.npmjs.org/@vitest/runner/-/runner-2.0.5.tgz","integrity":"sha512-0fXBMt0bIJhKVImFftL4yC4pAKe6fJ6rFsKSxjIvUx7XhKPPaLQtKIa/lFKqsKCxqEhP+aMW1bVHhcJtyYfVIw==","dev":true,"dependencies":{"@vitest/utils":"2.0.5","pathe":"^1.1.2","picomatch":"^4.0.1"}},"node_modules/@vitest/snapshot":{"version":"2.0.5","resolved":"https://registry.npmjs.org/@vitest/snapshot/-/snapshot-2.0.5.tgz","integrity":"sha512-SoPC3aoYAN92w5l5bXU1X3HxEPr97Eo7qN5b5dBOPh1jChSt+8sZqKYrqLkV4/xp2HoMWM1gFPZB4+m6+T3qbw==","dev":true,"dependencies":{"magic-string":"^0.30.11","pathe":"^1.1.2","pretty-format":"^29.7.0"}},"node_modules/@vitest/spy":{"version":"2.0.5","resolved":"https://registry.npmjs.org/@vitest/spy/-/spy-2.0.5.tgz","integrity":"sha512-aYW0p+uXlVjYwJC/6oV4m9+L8Ej0Jm9QOxg/jTTrHzqJtODPHV2g9PN+cKCn/L3vWiLa3H8B1Yib5sGKC2nIQ==","dev":true,"dependencies":{"tinyspy":"^3.0.0"}},"node_modules/@vitest/utils":{"version":"2.0.5","resolved":"https://registry.npmjs.org/@vitest/utils/-/utils-2.0.5.tgz","integrity":"sha512-2L8qc1x4f5Z7yOhGnUaY3HnLaFaLpnPrCmePM/mWJTFy3Y7RLVWbFwVt1yqTcKX6w6LXKAGdNVTcuEPdj5OKow==","dev":true,"dependencies":{"diff-sequences":"^29.6.3","estree-walker":"^3.0.3","loupe":"^3.1.1","pretty-format":"^29.7.0"}},"node_modules/acorn":{"version":"8.12.1","resolved":"https://registry.npmjs.org/acorn/-/acorn-8.12.1.tgz","integrity":"sha512-tcpGyI9zbizT9JbV6SVnnFI146V0wQVCk4b4y7dT1P8GfsriztZLowe3TkHjsi39Bp3l/V4zq5oEAnh1y1RPLg==","dev":true,"bin":{"acorn":"bin/acorn"}},"node_modules/assertion-error":{"version":"1.1.0","resolved":"https://registry.npmjs.org/assertion-error/-/assertion-error-1.1.0.tgz","integrity":"sha512-jgsaNduz+ndvGyZ3MCJqmGo5CrHqNvWUnX3ZwYYO1KfwCckvLSAGX9fS9FVWadeKwB/p7KILyQJoJyUZohJtcGg==","dev":true},"node_modules/chai":{"version":"4.4.1","resolved":"https://registry.npmjs.org/chai/-/chai-4.4.1.tgz","integrity":"sha512-OufxlxiFIr/8tcNjRvfjES+0TtC9H5NxkkypWEiOc8PoCWAr+cnJ5AzDDCcELjT3sKfIUmKVcga4leon0ne73KA==","dev":true,"dependencies":{"assertion-error":"^1.1.0","check-error":"^1.0.3","deep-eql":"^4.1.3","get-func-name":"^2.0.2","loupe":"^2.3.6","pathval":"^1.1.1","type-detect":"^4.0.8"}},"node_modules/check-error":{"version":"1.0.3","resolved":"https://registry.npmjs.org/check-error/-/check-error-1.0.3.tgz","integrity":"sha512-iKEoDYaRmd1mxM90a2FBP/ZqRgNEz2wilePIumbLQd2cIfI4ApRrvrVTTm/4knLEt+DZrmmIq0gyqzhs6ZEdsA==","dev":true,"dependencies":{"get-func-name":"^2.0.0"}},"node_modules/deep-eql":{"version":"4.1.3","resolved":"https://registry.npmjs.org/deep-eql/-/deep-eql-4.1.3.tgz","integrity":"sha512-WaEtAOpRA1MQ0gZS50cBdbyhewNaIbKcnV/JmbaF5fLLC1l3/2A7NN5j+UeYFFbR+7Ax+ddhvq+SV0M+Xcllcw==","dev":true,"dependencies":{"type-detect":"^4.0.0"}},"node_modules/diff-sequences":{"version":"29.6.3","resolved":"https://registry.npmjs.org/diff-sequences/-/diff-sequences-29.6.3.tgz","integrity":"sha512-EyB2utsJwO2JKvDaVjqa/dS8aIvndVW70MesIeanUrnSvnaMvT2ZfVnWcqrvvrWFWXUqquF6sz5MxC3vvIb0Ow==","dev":true},"node_modules/estree-walker":{"version":"3.0.3","resolved":"https://registry.npmjs.org/estree-walker/-/estree-walker-3.0.3.tgz","integrity":"sha512-7RUKfXgNhPhfmDezkk+u91vqe3c69RApprvsKubzzc3G+JOW/+DLiteixmtPOt1r14StA2ZN1h02kubVLZWPECw==","dev":true,"dependencies":{"@types/estree":"^1.0.5"}},"node_modules/@types/estree":{"version":"1.0.6","resolved":"https://registry.npmjs.org/@types/estree/-/estree-1.0.6.tgz","integrity":"sha512-AYuvVghVvD/Cqr89zoudQOaw63/MJr2zA2D5A50vxsFjgheLmaweb10J7RToLe/304J+6je68MCnTtGMFwMkZQw==","dev":true},"node_modules/fast-check":{"version":"4.8.0","resolved":"https://registry.npmjs.org/fast-check/-/fast-check-4.8.0.tgz","integrity":"sha512-ViHkU0H0bx5F2zM2qrKmhh/hUHu0y0/pAQdMM+xzvq3xDl68REaV7H7t9kd2VjKfEcCzgJPz0W+gNgKLWH8KRA==","dev":true,"dependencies":{"@fast-check/compat":"^0.1.2"}},"node_modules/get-func-name":{"version":"2.0.2","resolved":"https://registry.npmjs.org/get-func-name/-/get-func-name-2.0.2.tgz","integrity":"sha512-8vXOvuE167CtQQvkEQ9ip7gkG+t3CGZeJW93S8WkO7r65ztYlnpHX8AEZjwQdT/R+gSrWRsPfuppdIZf1XNwkw==","dev":true},"node_modules/loupe":{"version":"2.3.6","resolved":"https://registry.npmjs.org/loupe/-/loupe-2.3.6.tgz","integrity":"sha512-RaPMZKiMy8/JrxnbQVQvnlYvxWrzKF+zNXuan+BvqASmMLUMT+FnWEA8x37OBjOe1a7j0xHUQ5YcyVpT7CY35w==","dev":true,"dependencies":{"get-func-name":"^2.0.0"}},"node_modules/@vitest/snapshot/node_modules/loupe":{"version":"3.1.1","resolved":"https://registry.npmjs.org/loupe/-/loupe-3.1.1.tgz","integrity":"sha512-edNu/8D5MKVfGVFRhFf8aLnWUtvV8uZIQW3j+oBua+HqHksrrwUcX0ZdJjVLiTorWsrud+KqDVuVCUeL8s7v+w==","dev":true,"dependencies":{"get-func-name":"^2.0.1"}},"node_modules/magic-string":{"version":"0.30.11","resolved":"https://registry.npmjs.org/magic-string/-/magic-string-0.30.11.tgz","integrity":"sha512-+Wtz8DnvKmkNi0OHBpAxHxoUmVn/2Si5g+D5iEiadnlLa6NqWVS33E8kYnRvF9zNuF4TexZlc37/p6NyKkQ0zA==","dev":true,"dependencies":{"sourcemap-codec":"^1.4.8"}},"node_modules/pathe":{"version":"1.1.2","resolved":"https://registry.npmjs.org/pathe/-/pathe-1.1.2.tgz","integrity":"sha512-vcK+glws+kDQc8NyImmO/SGKAhI5GH3YnN+NpqE/kpqO4eKhakUHuenG9wWDas8k1vn59Ht+ALcmPt4kME/J2Q==","dev":true},"node_modules/pathval":{"version":"1.1.1","resolved":"https://registry.npmjs.org/pathval/-/pathval-1.1.1.tgz","integrity":"sha512-Dp6zGqAu7h9pgOeVgxyXoRlwOAyL8QLJOU6xYDYaG3/NaksrDrWetQPixLyVLZ305EMTQvWbMCqPnWj9gSaVMQ==","dev":true},"node_modules/picocolors":{"version":"1.1.0","resolved":"https://registry.npmjs.org/picocolors/-/picocolors-1.1.0.tgz","integrity":"sha512-TQ92mBOW0l3LeMeyLV6mEYstahEP3D5MUhTeQJC0pF+aSMsfRPQE5pIlskxJ3fSKjNCknWCqrfDvDvnC13QCA3Q==","dev":true},"node_modules/picomatch":{"version":"4.0.2","resolved":"https://registry.npmjs.org/picomatch/-/picomatch-4.0.2.tgz","integrity":"sha512-M7BAV6+MoreLsZ7RxSoJE+9LfoxLDoqtFaEtpQmSmCZ+/zPlsFiBQyDQByC3vYWluje1c6KN2+tnOA==","dev":true},"node_modules/pretty-format":{"version":"29.7.0","resolved":"https://registry.npmjs.org/pretty-format/-/pretty-format-29.7.0.tgz","integrity":"sha512-Pdlw/oPxN+aXSwin6pDu3LlllOtLP0PRUewm50JvqipsVAPhrx7eLLmQw2mdM1kqoqtFiKI51GF2+u4/ITL3/w==","dev":true,"dependencies":{"@react/devtools-core":"^4.28.0","ansi-styles":"^5.0.0","react-is":"^18.2.0"}},"node_modules/@react/devtools-core":{"version":"4.28.5","resolved":"https://registry.npmjs.org/@react/devtools-core/-/devtools-core-4.28.5.tgz","integrity":"sha512-/C8rw4t19n8CtxY3Vs+0b6d0xqaZlSI+LSA9+C/d8aKLvUHj2o0gM7hVgVLYDqJzqQLYX2S41rN4U9V6G6cQFQ==","dev":true},"node_modules/ansi-styles":{"version":"5.2.0","resolved":"https://registry.npmjs.org/ansi-styles/-/ansi-styles-5.2.0.tgz","integrity":"sha512-Cxwpt9v+h4LJc9sGrMHJ+MKf+0OSLVhsVL/SVV65mZTQAh4+Zs8LV+DSviANstVc1uE5i6ZeJJkUivR735gNyA==","dev":true},"node_modules/react-is":{"version":"18.3.1","resolved":"https://registry.npmjs.org/react-is/-/react-is-18.3.1.tgz","integrity":"sha512-/LLMVyas0ljjAtoYiPqkL8XRo7Xgt+9MZRUUHXRegis+4E+O7Da1lWCAr8RfCTKCNs8RHEoKhjzZRUcC+gKeQA==","dev":true},"node_modules/tinyspy":{"version":"3.0.2","resolved":"https://registry.npmjs.org/tinyspy/-/tinyspy-3.0.2.tgz","integrity":"sha512-n1cw8k1k0x309umNBM1acZ60uaQkxN+36FYJKNZM+mB8rx3K7I2psFtkMg5PxrXdXJZ0V5l9N7IHWGtNK05CCQ==","dev":true},"node_modules/type-detect":{"version":"4.0.8","resolved":"https://registry.npmjs.org/type-detect/-/type-detect-4.0.8.tgz","integrity":"sha512-0fr/mIH1dlwlw5lyS3BC0ngoVnlHo+84XuntO9qPR55sB87prog7K7L1pfNW+qvzqQvINcNIycTt58T2y8qQ7uQ==","dev":true},"node_modules/vitest":{"version":"2.0.5","resolved":"https://registry.npmjs.org/vitest/-/vitest-2.0.5.tgz","integrity":"sha512-f8w6yMWK+BhG2pJE5n6kKPqVDAz+8TjwzI+6TGH/LoArKZxnrVrxEvS9i0eFLtKFEj/rJP5pAEZJ10OOjqOaEw==","dev":true,"bin":{"vitest":"vitest.mjs"},"dependencies":{"@vitest/expect":"2.0.5","@vitest/runner":"2.0.5","@vitest/snapshot":"2.0.5","@vitest/spy":"2.0.5","@vitest/utils":"2.0.5","acorn":"^8.12.0","chai":"^4.4.1","debug":"^4.3.5","magic-string":"^0.30.11","pathe":"^1.1.2","picocolors":"^1.1.0","picomatch":"^4.0.1","tinybench":"^2.9.2","tinyspy":"^3.0.0"}},"node_modules/debug":{"version":"4.3.6","resolved":"https://registry.npmjs.org/debug/-/debug-4.3.6.tgz","integrity":"sha512-O/09Bd4Z1fBrU67RmuyM3bBDkPSo2ZRQgeVMEtKNyfj9OBxa7zjvlhlghm5ifghS66jJFct3RtkrZub6xZrD9Q==","dev":true,"dependencies":{"ms":"2.1.2"}},"node_modules/ms":{"version":"2.1.2","resolved":"https://registry.npmjs.org/ms/-/ms-2.1.2.tgz","integrity":"sha512-sGkPx+VjMxtQqXwoLanQ0UypU20kOcFJvG0TA33dyUY2jmbcd8uLitatU2K5HVmMwZHc61naayxP/79LaoNdLg==","dev":true},"node_modules/tinybench":{"version":"2.9.2","resolved":"https://registry.npmjs.org/tinybench/-/tinybench-2.9.2.tgz","integrity":"sha512-bxxWKAwx3K9+yMQ8UxDaBsJEUvXBqVNrx5eO1vNKf+JvSEKDIqmFB95ykKPEr8nCJvFM8K0aFXCh8Y5eSIQz4A==","dev":true},"node_modules/sourcemap-codec":{"version":"1.5.0","resolved":"https://registry.npmjs.org/sourcemap-codec/-/sourcemap-codec-1.5.0.tgz","integrity":"sha512-gv3ZRaISAWCvzrSgIVfJSM1AecJjwQfsLbOQQzqpj9c9K854wP+ERLvMeIW7aC3/hyperXoUo7bL8n0128++trQ=="}}}